
Microsoft Visual Studio Solution File, Format Version 12.00
# Visual Studio 15
VisualStudioVersion = 15.0.28307.902
MinimumVisualStudioVersion = 10.0.40219.1
Project("{FAE04EC0-301F-11D3-BF4B-00C04F79EFBC}") = "Quiz.UI", "Quiz.UI\Quiz.UI.csproj", "{2F03C660-71E9-4376-82CC-E94F3580B824}"
EndProject
Project("{FAE04EC0-301F-11D3-BF4B-00C04F79EFBC}") = "Quiz.DAL", "Quiz.DAL\Quiz.DAL.csproj", "{D1E3B21B-6F77-4F7C-8DFA-0053C4B19460}"
EndProject
Project("{FAE04EC0-301F-11D3-BF4B-00C04F79EFBC}") = "Quiz.BL", "Quiz.BL\Quiz.BL.csproj", "{C47B5306-E938-4EA3-A3F2-9EF6AD3D4522}"
EndProject
Global
	GlobalSection(SolutionConfigurationPlatforms) = preSolution
		Debug|Any CPU = Debug|Any CPU
		Release|Any CPU = Release|Any CPU
	EndGlobalSection
	GlobalSection(ProjectConfigurationPlatforms) = postSolution
		{2F03C660-71E9-4376-82CC-E94F3580B824}.Debug|Any CPU.ActiveCfg = Debug|Any CPU
		{2F03C660-71E9-4376-82CC-E94F3580B824}.Debug|Any CPU.Build.0 = Debug|Any CPU
		{2F03C660-71E9-4376-82CC-E94F3580B824}.Release|Any CPU.ActiveCfg = Release|Any CPU
		{2F03C660-71E9-4376-82CC-E94F3580B824}.Release|Any CPU.Build.0 = Release|Any CPU
		{D1E3B21B-6F77-4F7C-8DFA-0053C4B19460}.Debug|Any CPU.ActiveCfg = Debug|Any CPU
		{D1E3B21B-6F77-4F7C-8DFA-0053C4B19460}.Debug|Any CPU.Build.0 = Debug|Any CPU
		{D1E3B21B-6F77-4F7C-8DFA-0053C4B19460}.Release|Any CPU.ActiveCfg = Release|Any CPU
		{D1E3B21B-6F77-4F7C-8DFA-0053C4B19460}.Release|Any CPU.Build.0 = Release|Any CPU
		{C47B5306-E938-4EA3-A3F2-9EF6AD3D4522}.Debug|Any CPU.ActiveCfg = Debug|Any CPU
		{C47B5306-E938-4EA3-A3F2-9EF6AD3D4522}.Debug|Any CPU.Build.0 = Debug|Any CPU
		{C47B5306-E938-4EA3-A3F2-9EF6AD3D4522}.Release|Any CPU.ActiveCfg = Release|Any CPU
		{C47B5306-E938-4EA3-A3F2-9EF6AD3D4522}.Release|Any CPU.Build.0 = Release|Any CPU
	EndGlobalSection
	GlobalSection(SolutionProperties) = preSolution
		HideSolutionNode = FALSE
	EndGlobalSection
	GlobalSection(ExtensibilityGlobals) = postSolution
		SolutionGuid = {0F42C67B-0C98-4772-99A8-937C36F30697}
	EndGlobalSection
EndGlobal
